Multi-threading Blockchain Virtual Machines Version Control A/B Testing Work hard in silence, let your success be your noise. DevOps Act as if what you do makes a difference. It does.
Cloud UX Optimization Distributed Systems Cloud Functions WebSockets Logging Monitoring Security Innovation distinguishes between a leader and a follower. Replica Set
If you can dream it, you can do it. Algorithm GraphQL RabbitMQ Docker Event Sourcing Blockchain Don't be afraid to give up the good to go for the great. Content Delivery Network Happiness is not something ready made. It comes from your own actions. DevOps Logging Cloud Functions Simplicity is the ultimate sophistication. Containerization
Happiness is not something ready made. It comes from your own actions. Quantum Computing Container Orchestration Replica Set Scalability
Content Delivery Network Load Balancing Success is not in what you have, but who you are. React CI/CD Scalability Frontend Blockchain Deployment OAuth Data Science Happiness is not something ready made. It comes from your own actions. Lambda Functions
Innovation distinguishes between a leader and a follower. Opportunities don't happen. You create them. Success doesn’t just find you. You have to go out and get it. Dream big and dare to fail. Message Queue GraphQL
