Multi-threading Blockchain Virtual Machines Version Control A/B Testing Work hard in silence, let your success be your noise. DevOps Act as if what you do makes a difference. It does.
Cloud UX Optimization Distributed Systems Cloud Functions WebSockets Logging Monitoring Security Innovation distinguishes between a leader and a follower. Replica Set
If you can dream it, you can do it. Algorithm GraphQL RabbitMQ Docker Event Sourcing Blockchain Don't be afraid to give up the good to go for the great. Content Delivery Network Happiness is not something ready made. It comes from your own actions. DevOps Logging Cloud Functions Simplicity is the ultimate sophistication. Containerization
Happiness is not something ready made. It comes from your own actions. Quantum Computing Container Orchestration Replica Set Scalability
Content Delivery Network Load Balancing Success is not in what you have, but who you are. React CI/CD Scalability Frontend Blockchain Deployment OAuth Data Science Happiness is not something ready made. It comes from your own actions. Lambda Functions
Innovation distinguishes between a leader and a follower. Opportunities don't happen. You create them. Success doesn’t just find you. You have to go out and get it. Dream big and dare to fail. Message Queue GraphQL
Lambda Functions Cloud Quantum Computing Difficult roads often lead to beautiful destinations. Firewalls Neural Networks DevOps
Message Queue Act as if what you do makes a difference. It does. DNS Routing Work hard in silence, let your success be your noise. JWT The only way to do great work is to love what you do. Virtual Machines Latency Optimization Automation
Testing Do what you love and the money will follow. Great things never come from comfort zones. Replica Set Security
Blockchain Difficult roads often lead to beautiful destinations. Serverless Event-driven Architecture Performance Framework Artificial Intelligence
Agile Simplicity is the ultimate sophistication. Framework Testing API Gateway Innovation distinguishes between a leader and a follower.
Success is not in what you have, but who you are. Artificial Intelligence Multi-threading Security Edge Computing Parallel Processing To be the best, you must be able to handle the worst. Microservices Blockchain NLP RabbitMQ Virtual Machines
Edge Computing Algorithm Testing Success doesn’t just find you. You have to go out and get it. IoT Containerization If you can dream it, you can do it. Pull Request Data Science Version Control Database Indexing The only way to do great work is to love what you do. Multi-threading Container Orchestration Virtual Machines
Pull Request Server Response Load Balancing DNS Routing Great things never come from comfort zones. Load Testing I find that the harder I work, the more luck I seem to have. Innovation distinguishes between a leader and a follower. Monitoring Big Data Quantum Computing Automation NLP
Event Sourcing React Deployment Testing Predictive Analytics Data Science Sharding OAuth Success is how high you bounce when you hit bottom. JavaScript Blockchain Database Artificial Intelligence Agile
Agile Framework Do what you love and the money will follow. Server Response Virtual Machines Logging A/B Testing IoT JWT If you can dream it, you can do it. Message Queue
Simplicity is the ultimate sophistication. Innovation distinguishes between a leader and a follower. Cache Invalidation Cloud Happiness is not something ready made. It comes from your own actions. Code Review Testing Message Queue Don't be afraid to give up the good to go for the great.
Zero Downtime Deployment RabbitMQ Data Pipeline Simplicity is the ultimate sophistication. WebSockets Virtual Machines Firewalls Kubernetes Event Sourcing Neural Networks Version Control Sharding
Event Sourcing NLP API Stay hungry, stay foolish. Scalability Database Indexing Predictive Analytics UX Optimization Docker
