Multi-threading Blockchain Virtual Machines Version Control A/B Testing Work hard in silence, let your success be your noise. DevOps Act as if what you do makes a difference. It does.
Cloud UX Optimization Distributed Systems Cloud Functions WebSockets Logging Monitoring Security Innovation distinguishes between a leader and a follower. Replica Set
